
Microsoft Visual Studio Solution File, Format Version 12.00
# Visual Studio Version 17
VisualStudioVersion = 17.0.31612.314
MinimumVisualStudioVersion = 10.0.40219.1
Project("{9A19103F-16F7-4668-BE54-9A1E7A4F7556}") = "GetStarted", "GetStarted.csproj", "{4C2686F1-1F5F-44D6-9273-BFF5AA140130}"
EndProject
Global
	GlobalSection(SolutionConfigurationPlatforms) = preSolution
		Debug|Any CPU = Debug|Any CPU
		Release|Any CPU = Release|Any CPU
	EndGlobalSection
	GlobalSection(ProjectConfigurationPlatforms) = postSolution
		{4C2686F1-1F5F-44D6-9273-BFF5AA140130}.Debug|Any CPU.ActiveCfg = Debug|Any CPU
		{4C2686F1-1F5F-44D6-9273-BFF5AA140130}.Debug|Any CPU.Build.0 = Debug|Any CPU
		{4C2686F1-1F5F-44D6-9273-BFF5AA140130}.Release|Any CPU.ActiveCfg = Release|Any CPU
		{4C2686F1-1F5F-44D6-9273-BFF5AA140130}.Release|Any CPU.Build.0 = Release|Any CPU
	EndGlobalSection
	GlobalSection(SolutionProperties) = preSolution
		HideSolutionNode = FALSE
	EndGlobalSection
	GlobalSection(ExtensibilityGlobals) = postSolution
		SolutionGuid = {4EC1362B-75AF-4805-9150-868911819ED3}
	EndGlobalSection
EndGlobal
