
Microsoft Visual Studio Solution File, Format Version 12.00
# Visual Studio Version 16
VisualStudioVersion = 16.0.30907.101
MinimumVisualStudioVersion = 10.0.40219.1
Project("{9A19103F-16F7-4668-BE54-9A1E7A4F7556}") = "UnexpectedSamples", "UnexpectedSamples\UnexpectedSamples.csproj", "{32ACDBAF-AE10-477F-9533-E0916B90B745}"
EndProject
Project("{FAE04EC0-301F-11D3-BF4B-00C04F79EFBC}") = "TestClassLibrary", "TestClassLibrary\TestClassLibrary.csproj", "{5402B755-4035-45F1-BE46-4C324A63243E}"
EndProject
Project("{FAE04EC0-301F-11D3-BF4B-00C04F79EFBC}") = "TestClassLibrary1", "TestClassLibrary1\TestClassLibrary1.csproj", "{42E569B9-AC15-4B2D-8EDD-6B03E9A992A0}"
EndProject
Global
	GlobalSection(SolutionConfigurationPlatforms) = preSolution
		Debug|Any CPU = Debug|Any CPU
		Release|Any CPU = Release|Any CPU
	EndGlobalSection
	GlobalSection(ProjectConfigurationPlatforms) = postSolution
		{32ACDBAF-AE10-477F-9533-E0916B90B745}.Debug|Any CPU.ActiveCfg = Debug|Any CPU
		{32ACDBAF-AE10-477F-9533-E0916B90B745}.Debug|Any CPU.Build.0 = Debug|Any CPU
		{32ACDBAF-AE10-477F-9533-E0916B90B745}.Release|Any CPU.ActiveCfg = Release|Any CPU
		{32ACDBAF-AE10-477F-9533-E0916B90B745}.Release|Any CPU.Build.0 = Release|Any CPU
		{5402B755-4035-45F1-BE46-4C324A63243E}.Debug|Any CPU.ActiveCfg = Debug|Any CPU
		{5402B755-4035-45F1-BE46-4C324A63243E}.Debug|Any CPU.Build.0 = Debug|Any CPU
		{5402B755-4035-45F1-BE46-4C324A63243E}.Release|Any CPU.ActiveCfg = Release|Any CPU
		{5402B755-4035-45F1-BE46-4C324A63243E}.Release|Any CPU.Build.0 = Release|Any CPU
		{42E569B9-AC15-4B2D-8EDD-6B03E9A992A0}.Debug|Any CPU.ActiveCfg = Debug|Any CPU
		{42E569B9-AC15-4B2D-8EDD-6B03E9A992A0}.Debug|Any CPU.Build.0 = Debug|Any CPU
		{42E569B9-AC15-4B2D-8EDD-6B03E9A992A0}.Release|Any CPU.ActiveCfg = Release|Any CPU
		{42E569B9-AC15-4B2D-8EDD-6B03E9A992A0}.Release|Any CPU.Build.0 = Release|Any CPU
	EndGlobalSection
	GlobalSection(SolutionProperties) = preSolution
		HideSolutionNode = FALSE
	EndGlobalSection
	GlobalSection(ExtensibilityGlobals) = postSolution
		SolutionGuid = {05874D43-0646-4F9E-BB53-7976CEAE572E}
	EndGlobalSection
EndGlobal
