
Microsoft Visual Studio Solution File, Format Version 12.00
# Visual Studio Version 17
VisualStudioVersion = 17.0.31612.314
MinimumVisualStudioVersion = 10.0.40219.1
Project("{9A19103F-16F7-4668-BE54-9A1E7A4F7556}") = "WaitAsyncSample", "WaitAsyncSample.csproj", "{31EF7184-C133-4B2F-A042-3019CFA0C163}"
EndProject
Global
	GlobalSection(SolutionConfigurationPlatforms) = preSolution
		Debug|Any CPU = Debug|Any CPU
		Release|Any CPU = Release|Any CPU
	EndGlobalSection
	GlobalSection(ProjectConfigurationPlatforms) = postSolution
		{31EF7184-C133-4B2F-A042-3019CFA0C163}.Debug|Any CPU.ActiveCfg = Debug|Any CPU
		{31EF7184-C133-4B2F-A042-3019CFA0C163}.Debug|Any CPU.Build.0 = Debug|Any CPU
		{31EF7184-C133-4B2F-A042-3019CFA0C163}.Release|Any CPU.ActiveCfg = Release|Any CPU
		{31EF7184-C133-4B2F-A042-3019CFA0C163}.Release|Any CPU.Build.0 = Release|Any CPU
	EndGlobalSection
	GlobalSection(SolutionProperties) = preSolution
		HideSolutionNode = FALSE
	EndGlobalSection
	GlobalSection(ExtensibilityGlobals) = postSolution
		SolutionGuid = {042AC8C0-732D-4108-A660-EB8920BCF346}
	EndGlobalSection
EndGlobal
