
Microsoft Visual Studio Solution File, Format Version 12.00
# Visual Studio 15
VisualStudioVersion = 15.0.27428.2037
MinimumVisualStudioVersion = 10.0.40219.1
Project("{9A19103F-16F7-4668-BE54-9A1E7A4F7556}") = "AspNetCoreSample", "AspNetCoreSample\AspNetCoreSample.csproj", "{524A78A9-8FD0-465C-896F-EF5AA27D826D}"
EndProject
Project("{9A19103F-16F7-4668-BE54-9A1E7A4F7556}") = "ConsoleSample", "ConsoleSample\ConsoleSample.csproj", "{EE64A68A-95A5-4676-A4F7-32ADF16A8E21}"
EndProject
Global
	GlobalSection(SolutionConfigurationPlatforms) = preSolution
		Debug|Any CPU = Debug|Any CPU
		Release|Any CPU = Release|Any CPU
	EndGlobalSection
	GlobalSection(ProjectConfigurationPlatforms) = postSolution
		{524A78A9-8FD0-465C-896F-EF5AA27D826D}.Debug|Any CPU.ActiveCfg = Debug|Any CPU
		{524A78A9-8FD0-465C-896F-EF5AA27D826D}.Debug|Any CPU.Build.0 = Debug|Any CPU
		{524A78A9-8FD0-465C-896F-EF5AA27D826D}.Release|Any CPU.ActiveCfg = Release|Any CPU
		{524A78A9-8FD0-465C-896F-EF5AA27D826D}.Release|Any CPU.Build.0 = Release|Any CPU
		{EE64A68A-95A5-4676-A4F7-32ADF16A8E21}.Debug|Any CPU.ActiveCfg = Debug|Any CPU
		{EE64A68A-95A5-4676-A4F7-32ADF16A8E21}.Debug|Any CPU.Build.0 = Debug|Any CPU
		{EE64A68A-95A5-4676-A4F7-32ADF16A8E21}.Release|Any CPU.ActiveCfg = Release|Any CPU
		{EE64A68A-95A5-4676-A4F7-32ADF16A8E21}.Release|Any CPU.Build.0 = Release|Any CPU
	EndGlobalSection
	GlobalSection(SolutionProperties) = preSolution
		HideSolutionNode = FALSE
	EndGlobalSection
	GlobalSection(ExtensibilityGlobals) = postSolution
		SolutionGuid = {425CCA9B-7A7B-4262-8EE4-EE6E0DA6135E}
	EndGlobalSection
EndGlobal
