
Microsoft Visual Studio Solution File, Format Version 12.00
# Visual Studio Version 17
VisualStudioVersion = 17.0.31903.59
MinimumVisualStudioVersion = 10.0.40219.1
Project("{FAE04EC0-301F-11D3-BF4B-00C04F79EFBC}") = "InterceptorPlayground", "InterceptorPlayground\InterceptorPlayground.csproj", "{BD549E5A-293F-443F-AB12-ADBD0E629FC1}"
EndProject
Project("{FAE04EC0-301F-11D3-BF4B-00C04F79EFBC}") = "InterceptorGenerators", "InterceptorGenerators\InterceptorGenerators.csproj", "{37199744-2F66-4708-9155-CD277591E967}"
EndProject
Project("{FAE04EC0-301F-11D3-BF4B-00C04F79EFBC}") = "TestLibrary", "TestLibrary\TestLibrary.csproj", "{172A8B01-1B20-4379-9D45-AC4254D43E29}"
EndProject
Global
	GlobalSection(SolutionConfigurationPlatforms) = preSolution
		Debug|Any CPU = Debug|Any CPU
		Release|Any CPU = Release|Any CPU
	EndGlobalSection
	GlobalSection(SolutionProperties) = preSolution
		HideSolutionNode = FALSE
	EndGlobalSection
	GlobalSection(ProjectConfigurationPlatforms) = postSolution
		{BD549E5A-293F-443F-AB12-ADBD0E629FC1}.Debug|Any CPU.ActiveCfg = Debug|Any CPU
		{BD549E5A-293F-443F-AB12-ADBD0E629FC1}.Debug|Any CPU.Build.0 = Debug|Any CPU
		{BD549E5A-293F-443F-AB12-ADBD0E629FC1}.Release|Any CPU.ActiveCfg = Release|Any CPU
		{BD549E5A-293F-443F-AB12-ADBD0E629FC1}.Release|Any CPU.Build.0 = Release|Any CPU
		{37199744-2F66-4708-9155-CD277591E967}.Debug|Any CPU.ActiveCfg = Debug|Any CPU
		{37199744-2F66-4708-9155-CD277591E967}.Debug|Any CPU.Build.0 = Debug|Any CPU
		{37199744-2F66-4708-9155-CD277591E967}.Release|Any CPU.ActiveCfg = Release|Any CPU
		{37199744-2F66-4708-9155-CD277591E967}.Release|Any CPU.Build.0 = Release|Any CPU
		{172A8B01-1B20-4379-9D45-AC4254D43E29}.Debug|Any CPU.ActiveCfg = Debug|Any CPU
		{172A8B01-1B20-4379-9D45-AC4254D43E29}.Debug|Any CPU.Build.0 = Debug|Any CPU
		{172A8B01-1B20-4379-9D45-AC4254D43E29}.Release|Any CPU.ActiveCfg = Release|Any CPU
		{172A8B01-1B20-4379-9D45-AC4254D43E29}.Release|Any CPU.Build.0 = Release|Any CPU
	EndGlobalSection
EndGlobal
