
Microsoft Visual Studio Solution File, Format Version 12.00
# Visual Studio Version 16
VisualStudioVersion = 16.0.30114.105
MinimumVisualStudioVersion = 10.0.40219.1
Project("{FAE04EC0-301F-11D3-BF4B-00C04F79EFBC}") = "ConfigurationManagerSample", "ConfigurationManagerSample.csproj", "{C464626A-3349-4764-B25E-34BD6F1970A8}"
EndProject
Global
	GlobalSection(SolutionConfigurationPlatforms) = preSolution
		Debug|Any CPU = Debug|Any CPU
		Release|Any CPU = Release|Any CPU
	EndGlobalSection
	GlobalSection(SolutionProperties) = preSolution
		HideSolutionNode = FALSE
	EndGlobalSection
	GlobalSection(ProjectConfigurationPlatforms) = postSolution
		{C464626A-3349-4764-B25E-34BD6F1970A8}.Debug|Any CPU.ActiveCfg = Debug|Any CPU
		{C464626A-3349-4764-B25E-34BD6F1970A8}.Debug|Any CPU.Build.0 = Debug|Any CPU
		{C464626A-3349-4764-B25E-34BD6F1970A8}.Release|Any CPU.ActiveCfg = Release|Any CPU
		{C464626A-3349-4764-B25E-34BD6F1970A8}.Release|Any CPU.Build.0 = Release|Any CPU
	EndGlobalSection
EndGlobal
