
Microsoft Visual Studio Solution File, Format Version 12.00
# Visual Studio Version 17
VisualStudioVersion = 17.0.31903.59
MinimumVisualStudioVersion = 10.0.40219.1
Project("{9A19103F-16F7-4668-BE54-9A1E7A4F7556}") = "CSharp10Sample", "CSharp10Sample.csproj", "{913123AD-59CF-4772-AD90-8645DB8E4A2C}"
EndProject
Global
	GlobalSection(SolutionConfigurationPlatforms) = preSolution
		Debug|Any CPU = Debug|Any CPU
		Release|Any CPU = Release|Any CPU
	EndGlobalSection
	GlobalSection(ProjectConfigurationPlatforms) = postSolution
		{913123AD-59CF-4772-AD90-8645DB8E4A2C}.Debug|Any CPU.ActiveCfg = Debug|Any CPU
		{913123AD-59CF-4772-AD90-8645DB8E4A2C}.Debug|Any CPU.Build.0 = Debug|Any CPU
		{913123AD-59CF-4772-AD90-8645DB8E4A2C}.Release|Any CPU.ActiveCfg = Release|Any CPU
		{913123AD-59CF-4772-AD90-8645DB8E4A2C}.Release|Any CPU.Build.0 = Release|Any CPU
	EndGlobalSection
	GlobalSection(SolutionProperties) = preSolution
		HideSolutionNode = FALSE
	EndGlobalSection
	GlobalSection(ExtensibilityGlobals) = postSolution
		SolutionGuid = {27CD1032-8764-48E0-A434-F7BA7E2969D0}
	EndGlobalSection
EndGlobal
