
Microsoft Visual Studio Solution File, Format Version 12.00
# Visual Studio Version 17
VisualStudioVersion = 17.0.31912.275
MinimumVisualStudioVersion = 10.0.40219.1
Project("{9A19103F-16F7-4668-BE54-9A1E7A4F7556}") = "PeriodicTimerSample", "PeriodicTimerSample.csproj", "{3DD47C5C-3EFD-405D-81BB-B648283AADD4}"
EndProject
Global
	GlobalSection(SolutionConfigurationPlatforms) = preSolution
		Debug|Any CPU = Debug|Any CPU
		Release|Any CPU = Release|Any CPU
	EndGlobalSection
	GlobalSection(ProjectConfigurationPlatforms) = postSolution
		{3DD47C5C-3EFD-405D-81BB-B648283AADD4}.Debug|Any CPU.ActiveCfg = Debug|Any CPU
		{3DD47C5C-3EFD-405D-81BB-B648283AADD4}.Debug|Any CPU.Build.0 = Debug|Any CPU
		{3DD47C5C-3EFD-405D-81BB-B648283AADD4}.Release|Any CPU.ActiveCfg = Release|Any CPU
		{3DD47C5C-3EFD-405D-81BB-B648283AADD4}.Release|Any CPU.Build.0 = Release|Any CPU
	EndGlobalSection
	GlobalSection(SolutionProperties) = preSolution
		HideSolutionNode = FALSE
	EndGlobalSection
	GlobalSection(ExtensibilityGlobals) = postSolution
		SolutionGuid = {DF498E84-4F39-4064-A796-D58C88431C98}
	EndGlobalSection
EndGlobal
