
Microsoft Visual Studio Solution File, Format Version 12.00
# Visual Studio Version 16
VisualStudioVersion = 16.0.30114.105
MinimumVisualStudioVersion = 10.0.40219.1
Project("{FAE04EC0-301F-11D3-BF4B-00C04F79EFBC}") = "GithubAPISample", "GithubAPISample.csproj", "{A2C3BDA9-887A-4402-A68C-0BA243803FBC}"
EndProject
Global
	GlobalSection(SolutionConfigurationPlatforms) = preSolution
		Debug|Any CPU = Debug|Any CPU
		Release|Any CPU = Release|Any CPU
	EndGlobalSection
	GlobalSection(SolutionProperties) = preSolution
		HideSolutionNode = FALSE
	EndGlobalSection
	GlobalSection(ProjectConfigurationPlatforms) = postSolution
		{A2C3BDA9-887A-4402-A68C-0BA243803FBC}.Debug|Any CPU.ActiveCfg = Debug|Any CPU
		{A2C3BDA9-887A-4402-A68C-0BA243803FBC}.Debug|Any CPU.Build.0 = Debug|Any CPU
		{A2C3BDA9-887A-4402-A68C-0BA243803FBC}.Release|Any CPU.ActiveCfg = Release|Any CPU
		{A2C3BDA9-887A-4402-A68C-0BA243803FBC}.Release|Any CPU.Build.0 = Release|Any CPU
	EndGlobalSection
EndGlobal
