
Microsoft Visual Studio Solution File, Format Version 12.00
# Visual Studio Version 16
VisualStudioVersion = 16.0.29728.190
MinimumVisualStudioVersion = 10.0.40219.1
Project("{9A19103F-16F7-4668-BE54-9A1E7A4F7556}") = "RedisCopy", "RedisCopy.csproj", "{24838564-86B1-4746-BD87-0D6F6061FF2F}"
EndProject
Global
	GlobalSection(SolutionConfigurationPlatforms) = preSolution
		Debug|Any CPU = Debug|Any CPU
		Release|Any CPU = Release|Any CPU
	EndGlobalSection
	GlobalSection(ProjectConfigurationPlatforms) = postSolution
		{24838564-86B1-4746-BD87-0D6F6061FF2F}.Debug|Any CPU.ActiveCfg = Debug|Any CPU
		{24838564-86B1-4746-BD87-0D6F6061FF2F}.Debug|Any CPU.Build.0 = Debug|Any CPU
		{24838564-86B1-4746-BD87-0D6F6061FF2F}.Release|Any CPU.ActiveCfg = Release|Any CPU
		{24838564-86B1-4746-BD87-0D6F6061FF2F}.Release|Any CPU.Build.0 = Release|Any CPU
	EndGlobalSection
	GlobalSection(SolutionProperties) = preSolution
		HideSolutionNode = FALSE
	EndGlobalSection
	GlobalSection(ExtensibilityGlobals) = postSolution
		SolutionGuid = {B7764887-4860-47C3-A3B2-3AC2B9C4DF82}
	EndGlobalSection
EndGlobal
