
Microsoft Visual Studio Solution File, Format Version 12.00
# Visual Studio Version 17
VisualStudioVersion = 17.0.31808.319
MinimumVisualStudioVersion = 10.0.40219.1
Project("{9A19103F-16F7-4668-BE54-9A1E7A4F7556}") = "SystemTextJsonSample", "SystemTextJsonSample.csproj", "{5A96A566-59B3-45D0-B7FB-BC2AA16B5570}"
EndProject
Global
	GlobalSection(SolutionConfigurationPlatforms) = preSolution
		Debug|Any CPU = Debug|Any CPU
		Release|Any CPU = Release|Any CPU
	EndGlobalSection
	GlobalSection(ProjectConfigurationPlatforms) = postSolution
		{5A96A566-59B3-45D0-B7FB-BC2AA16B5570}.Debug|Any CPU.ActiveCfg = Debug|Any CPU
		{5A96A566-59B3-45D0-B7FB-BC2AA16B5570}.Debug|Any CPU.Build.0 = Debug|Any CPU
		{5A96A566-59B3-45D0-B7FB-BC2AA16B5570}.Release|Any CPU.ActiveCfg = Release|Any CPU
		{5A96A566-59B3-45D0-B7FB-BC2AA16B5570}.Release|Any CPU.Build.0 = Release|Any CPU
	EndGlobalSection
	GlobalSection(SolutionProperties) = preSolution
		HideSolutionNode = FALSE
	EndGlobalSection
	GlobalSection(ExtensibilityGlobals) = postSolution
		SolutionGuid = {F4D596D8-CAE8-4139-8B75-A6F57A994BEE}
	EndGlobalSection
EndGlobal
