
Microsoft Visual Studio Solution File, Format Version 12.00
# Visual Studio Version 17
VisualStudioVersion = 17.3.32505.426
MinimumVisualStudioVersion = 10.0.40219.1
Project("{9A19103F-16F7-4668-BE54-9A1E7A4F7556}") = "Net7Sample", "Net7Sample\Net7Sample.csproj", "{A1254596-52D4-4A92-A191-647158AE5B57}"
EndProject
Project("{9A19103F-16F7-4668-BE54-9A1E7A4F7556}") = "AspNetCoreSample", "AspNetCoreSample\AspNetCoreSample.csproj", "{B6303130-6EB1-4312-8372-CEC1BCFC2B65}"
EndProject
Global
	GlobalSection(SolutionConfigurationPlatforms) = preSolution
		Debug|Any CPU = Debug|Any CPU
		Release|Any CPU = Release|Any CPU
	EndGlobalSection
	GlobalSection(ProjectConfigurationPlatforms) = postSolution
		{A1254596-52D4-4A92-A191-647158AE5B57}.Debug|Any CPU.ActiveCfg = Debug|Any CPU
		{A1254596-52D4-4A92-A191-647158AE5B57}.Debug|Any CPU.Build.0 = Debug|Any CPU
		{A1254596-52D4-4A92-A191-647158AE5B57}.Release|Any CPU.ActiveCfg = Release|Any CPU
		{A1254596-52D4-4A92-A191-647158AE5B57}.Release|Any CPU.Build.0 = Release|Any CPU
		{B6303130-6EB1-4312-8372-CEC1BCFC2B65}.Debug|Any CPU.ActiveCfg = Debug|Any CPU
		{B6303130-6EB1-4312-8372-CEC1BCFC2B65}.Debug|Any CPU.Build.0 = Debug|Any CPU
		{B6303130-6EB1-4312-8372-CEC1BCFC2B65}.Release|Any CPU.ActiveCfg = Release|Any CPU
		{B6303130-6EB1-4312-8372-CEC1BCFC2B65}.Release|Any CPU.Build.0 = Release|Any CPU
	EndGlobalSection
	GlobalSection(SolutionProperties) = preSolution
		HideSolutionNode = FALSE
	EndGlobalSection
	GlobalSection(ExtensibilityGlobals) = postSolution
		SolutionGuid = {2D9B9ECF-F57C-46F5-A3BD-2F30C5826E4B}
	EndGlobalSection
EndGlobal
