
Microsoft Visual Studio Solution File, Format Version 12.00
# Visual Studio Version 17
VisualStudioVersion = 17.3.32714.290
MinimumVisualStudioVersion = 10.0.40219.1
Project("{9A19103F-16F7-4668-BE54-9A1E7A4F7556}") = "GithubProxySample", "GithubProxySample.csproj", "{BEC9894B-9B86-4C4E-A2C7-586C8F69FACE}"
EndProject
Global
	GlobalSection(SolutionConfigurationPlatforms) = preSolution
		Debug|Any CPU = Debug|Any CPU
		Release|Any CPU = Release|Any CPU
	EndGlobalSection
	GlobalSection(ProjectConfigurationPlatforms) = postSolution
		{BEC9894B-9B86-4C4E-A2C7-586C8F69FACE}.Debug|Any CPU.ActiveCfg = Debug|Any CPU
		{BEC9894B-9B86-4C4E-A2C7-586C8F69FACE}.Debug|Any CPU.Build.0 = Debug|Any CPU
		{BEC9894B-9B86-4C4E-A2C7-586C8F69FACE}.Release|Any CPU.ActiveCfg = Release|Any CPU
		{BEC9894B-9B86-4C4E-A2C7-586C8F69FACE}.Release|Any CPU.Build.0 = Release|Any CPU
	EndGlobalSection
	GlobalSection(SolutionProperties) = preSolution
		HideSolutionNode = FALSE
	EndGlobalSection
	GlobalSection(ExtensibilityGlobals) = postSolution
		SolutionGuid = {34F1D383-EAE4-47C7-932C-E8965C6C8F05}
	EndGlobalSection
EndGlobal
