
Microsoft Visual Studio Solution File, Format Version 12.00
# Visual Studio Version 17
VisualStudioVersion = 17.0.31903.59
MinimumVisualStudioVersion = 10.0.40219.1
Project("{FAE04EC0-301F-11D3-BF4B-00C04F79EFBC}") = "SignalRClientSample", "SignalRClientSample\SignalRClientSample.csproj", "{30299E0F-7E65-4554-8190-B6053B687A37}"
EndProject
Project("{FAE04EC0-301F-11D3-BF4B-00C04F79EFBC}") = "SignalRServerSample", "SignalRServerSample\SignalRServerSample.csproj", "{05EE7FCD-9810-4D8E-A0EC-BC6231E41143}"
EndProject
Global
	GlobalSection(SolutionConfigurationPlatforms) = preSolution
		Debug|Any CPU = Debug|Any CPU
		Release|Any CPU = Release|Any CPU
	EndGlobalSection
	GlobalSection(SolutionProperties) = preSolution
		HideSolutionNode = FALSE
	EndGlobalSection
	GlobalSection(ProjectConfigurationPlatforms) = postSolution
		{30299E0F-7E65-4554-8190-B6053B687A37}.Debug|Any CPU.ActiveCfg = Debug|Any CPU
		{30299E0F-7E65-4554-8190-B6053B687A37}.Debug|Any CPU.Build.0 = Debug|Any CPU
		{30299E0F-7E65-4554-8190-B6053B687A37}.Release|Any CPU.ActiveCfg = Release|Any CPU
		{30299E0F-7E65-4554-8190-B6053B687A37}.Release|Any CPU.Build.0 = Release|Any CPU
		{05EE7FCD-9810-4D8E-A0EC-BC6231E41143}.Debug|Any CPU.ActiveCfg = Debug|Any CPU
		{05EE7FCD-9810-4D8E-A0EC-BC6231E41143}.Debug|Any CPU.Build.0 = Debug|Any CPU
		{05EE7FCD-9810-4D8E-A0EC-BC6231E41143}.Release|Any CPU.ActiveCfg = Release|Any CPU
		{05EE7FCD-9810-4D8E-A0EC-BC6231E41143}.Release|Any CPU.Build.0 = Release|Any CPU
	EndGlobalSection
EndGlobal
