
Microsoft Visual Studio Solution File, Format Version 12.00
# Visual Studio Version 17
VisualStudioVersion = 17.0.31612.314
MinimumVisualStudioVersion = 10.0.40219.1
Project("{9A19103F-16F7-4668-BE54-9A1E7A4F7556}") = "HashSample", "HashSample.csproj", "{73FFAD78-303A-4C80-B426-2263A68BC9F3}"
EndProject
Global
	GlobalSection(SolutionConfigurationPlatforms) = preSolution
		Debug|Any CPU = Debug|Any CPU
		Release|Any CPU = Release|Any CPU
	EndGlobalSection
	GlobalSection(ProjectConfigurationPlatforms) = postSolution
		{73FFAD78-303A-4C80-B426-2263A68BC9F3}.Debug|Any CPU.ActiveCfg = Debug|Any CPU
		{73FFAD78-303A-4C80-B426-2263A68BC9F3}.Debug|Any CPU.Build.0 = Debug|Any CPU
		{73FFAD78-303A-4C80-B426-2263A68BC9F3}.Release|Any CPU.ActiveCfg = Release|Any CPU
		{73FFAD78-303A-4C80-B426-2263A68BC9F3}.Release|Any CPU.Build.0 = Release|Any CPU
	EndGlobalSection
	GlobalSection(SolutionProperties) = preSolution
		HideSolutionNode = FALSE
	EndGlobalSection
	GlobalSection(ExtensibilityGlobals) = postSolution
		SolutionGuid = {30919ECE-1109-4466-86FB-418456A74A40}
	EndGlobalSection
EndGlobal
